
Microsoft Visual Studio Solution File, Format Version 12.00
# Visual Studio 14
VisualStudioVersion = 14.0.25123.0
MinimumVisualStudioVersion = 10.0.40219.1
Project("{FAE04EC0-301F-11D3-BF4B-00C04F79EFBC}") = "Poketch.iOS", "Poketch\Poketch.iOS\Poketch.iOS.csproj", "{614E2393-DB41-4CF6-BDF9-B54F577301A4}"
EndProject
Project("{FAE04EC0-301F-11D3-BF4B-00C04F79EFBC}") = "Poketch.WinPhone", "Poketch\Poketch.WinPhone\Poketch.WinPhone.csproj", "{062C2582-3875-46CD-A769-A41AE2398415}"
EndProject
Project("{FAE04EC0-301F-11D3-BF4B-00C04F79EFBC}") = "Poketch", "Poketch\Poketch\Poketch.csproj", "{57B1F4C7-6F97-4DE8-8A50-0A7930E83095}"
EndProject
Project("{FAE04EC0-301F-11D3-BF4B-00C04F79EFBC}") = "Poketch.Android", "Poketch\Poketch.Android\Poketch.Android.csproj", "{4D95804E-3939-44A0-9027-BD1E2A9F7B85}"
EndProject
Project("{FAE04EC0-301F-11D3-BF4B-00C04F79EFBC}") = "Poketch.Tests", "Poketch\Poketch.Tests\Poketch.Tests.csproj", "{1DE23520-5E0B-44B6-A56D-07A56889F614}"
EndProject
Global
	GlobalSection(SolutionConfigurationPlatforms) = preSolution
		Debug|Any CPU = Debug|Any CPU
		Debug|ARM = Debug|ARM
		Debug|iPhone = Debug|iPhone
		Debug|iPhoneSimulator = Debug|iPhoneSimulator
		Debug|x64 = Debug|x64
		Debug|x86 = Debug|x86
		Release|Any CPU = Release|Any CPU
		Release|ARM = Release|ARM
		Release|iPhone = Release|iPhone
		Release|iPhoneSimulator = Release|iPhoneSimulator
		Release|x64 = Release|x64
		Release|x86 = Release|x86
	EndGlobalSection
	GlobalSection(ProjectConfigurationPlatforms) = postSolution
		{614E2393-DB41-4CF6-BDF9-B54F577301A4}.Debug|Any CPU.ActiveCfg = Debug|iPhone
		{614E2393-DB41-4CF6-BDF9-B54F577301A4}.Debug|ARM.ActiveCfg = Debug|iPhone
		{614E2393-DB41-4CF6-BDF9-B54F577301A4}.Debug|iPhone.ActiveCfg = Debug|iPhone
		{614E2393-DB41-4CF6-BDF9-B54F577301A4}.Debug|iPhone.Build.0 = Debug|iPhone
		{614E2393-DB41-4CF6-BDF9-B54F577301A4}.Debug|iPhoneSimulator.ActiveCfg = Debug|iPhoneSimulator
		{614E2393-DB41-4CF6-BDF9-B54F577301A4}.Debug|iPhoneSimulator.Build.0 = Debug|iPhoneSimulator
		{614E2393-DB41-4CF6-BDF9-B54F577301A4}.Debug|x64.ActiveCfg = Debug|iPhone
		{614E2393-DB41-4CF6-BDF9-B54F577301A4}.Debug|x86.ActiveCfg = Debug|iPhone
		{614E2393-DB41-4CF6-BDF9-B54F577301A4}.Release|Any CPU.ActiveCfg = Release|iPhone
		{614E2393-DB41-4CF6-BDF9-B54F577301A4}.Release|ARM.ActiveCfg = Release|iPhone
		{614E2393-DB41-4CF6-BDF9-B54F577301A4}.Release|iPhone.ActiveCfg = Release|iPhone
		{614E2393-DB41-4CF6-BDF9-B54F577301A4}.Release|iPhone.Build.0 = Release|iPhone
		{614E2393-DB41-4CF6-BDF9-B54F577301A4}.Release|iPhoneSimulator.ActiveCfg = Release|iPhoneSimulator
		{614E2393-DB41-4CF6-BDF9-B54F577301A4}.Release|iPhoneSimulator.Build.0 = Release|iPhoneSimulator
		{614E2393-DB41-4CF6-BDF9-B54F577301A4}.Release|x64.ActiveCfg = Release|iPhone
		{614E2393-DB41-4CF6-BDF9-B54F577301A4}.Release|x86.ActiveCfg = Release|iPhone
		{062C2582-3875-46CD-A769-A41AE2398415}.Debug|Any CPU.ActiveCfg = Debug|Any CPU
		{062C2582-3875-46CD-A769-A41AE2398415}.Debug|Any CPU.Build.0 = Debug|Any CPU
		{062C2582-3875-46CD-A769-A41AE2398415}.Debug|Any CPU.Deploy.0 = Debug|Any CPU
		{062C2582-3875-46CD-A769-A41AE2398415}.Debug|ARM.ActiveCfg = Debug|ARM
		{062C2582-3875-46CD-A769-A41AE2398415}.Debug|ARM.Build.0 = Debug|ARM
		{062C2582-3875-46CD-A769-A41AE2398415}.Debug|ARM.Deploy.0 = Debug|ARM
		{062C2582-3875-46CD-A769-A41AE2398415}.Debug|iPhone.ActiveCfg = Debug|Any CPU
		{062C2582-3875-46CD-A769-A41AE2398415}.Debug|iPhone.Build.0 = Debug|Any CPU
		{062C2582-3875-46CD-A769-A41AE2398415}.Debug|iPhone.Deploy.0 = Debug|Any CPU
		{062C2582-3875-46CD-A769-A41AE2398415}.Debug|iPhoneSimulator.ActiveCfg = Debug|Any CPU
		{062C2582-3875-46CD-A769-A41AE2398415}.Debug|iPhoneSimulator.Build.0 = Debug|Any CPU
		{062C2582-3875-46CD-A769-A41AE2398415}.Debug|iPhoneSimulator.Deploy.0 = Debug|Any CPU
		{062C2582-3875-46CD-A769-A41AE2398415}.Debug|x64.ActiveCfg = Debug|Any CPU
		{062C2582-3875-46CD-A769-A41AE2398415}.Debug|x64.Build.0 = Debug|Any CPU
		{062C2582-3875-46CD-A769-A41AE2398415}.Debug|x64.Deploy.0 = Debug|Any CPU
		{062C2582-3875-46CD-A769-A41AE2398415}.Debug|x86.ActiveCfg = Debug|x86
		{062C2582-3875-46CD-A769-A41AE2398415}.Debug|x86.Build.0 = Debug|x86
		{062C2582-3875-46CD-A769-A41AE2398415}.Debug|x86.Deploy.0 = Debug|x86
		{062C2582-3875-46CD-A769-A41AE2398415}.Release|Any CPU.ActiveCfg = Release|Any CPU
		{062C2582-3875-46CD-A769-A41AE2398415}.Release|Any CPU.Build.0 = Release|Any CPU
		{062C2582-3875-46CD-A769-A41AE2398415}.Release|Any CPU.Deploy.0 = Release|Any CPU
		{062C2582-3875-46CD-A769-A41AE2398415}.Release|ARM.ActiveCfg = Release|ARM
		{062C2582-3875-46CD-A769-A41AE2398415}.Release|ARM.Build.0 = Release|ARM
		{062C2582-3875-46CD-A769-A41AE2398415}.Release|ARM.Deploy.0 = Release|ARM
		{062C2582-3875-46CD-A769-A41AE2398415}.Release|iPhone.ActiveCfg = Release|Any CPU
		{062C2582-3875-46CD-A769-A41AE2398415}.Release|iPhone.Build.0 = Release|Any CPU
		{062C2582-3875-46CD-A769-A41AE2398415}.Release|iPhone.Deploy.0 = Release|Any CPU
		{062C2582-3875-46CD-A769-A41AE2398415}.Release|iPhoneSimulator.ActiveCfg = Release|Any CPU
		{062C2582-3875-46CD-A769-A41AE2398415}.Release|iPhoneSimulator.Build.0 = Release|Any CPU
		{062C2582-3875-46CD-A769-A41AE2398415}.Release|iPhoneSimulator.Deploy.0 = Release|Any CPU
		{062C2582-3875-46CD-A769-A41AE2398415}.Release|x64.ActiveCfg = Release|Any CPU
		{062C2582-3875-46CD-A769-A41AE2398415}.Release|x64.Build.0 = Release|Any CPU
		{062C2582-3875-46CD-A769-A41AE2398415}.Release|x64.Deploy.0 = Release|Any CPU
		{062C2582-3875-46CD-A769-A41AE2398415}.Release|x86.ActiveCfg = Release|x86
		{062C2582-3875-46CD-A769-A41AE2398415}.Release|x86.Build.0 = Release|x86
		{062C2582-3875-46CD-A769-A41AE2398415}.Release|x86.Deploy.0 = Release|x86
		{57B1F4C7-6F97-4DE8-8A50-0A7930E83095}.Debug|Any CPU.ActiveCfg = Debug|Any CPU
		{57B1F4C7-6F97-4DE8-8A50-0A7930E83095}.Debug|Any CPU.Build.0 = Debug|Any CPU
		{57B1F4C7-6F97-4DE8-8A50-0A7930E83095}.Debug|ARM.ActiveCfg = Debug|Any CPU
		{57B1F4C7-6F97-4DE8-8A50-0A7930E83095}.Debug|ARM.Build.0 = Debug|Any CPU
		{57B1F4C7-6F97-4DE8-8A50-0A7930E83095}.Debug|iPhone.ActiveCfg = Debug|Any CPU
		{57B1F4C7-6F97-4DE8-8A50-0A7930E83095}.Debug|iPhone.Build.0 = Debug|Any CPU
		{57B1F4C7-6F97-4DE8-8A50-0A7930E83095}.Debug|iPhoneSimulator.ActiveCfg = Debug|Any CPU
		{57B1F4C7-6F97-4DE8-8A50-0A7930E83095}.Debug|iPhoneSimulator.Build.0 = Debug|Any CPU
		{57B1F4C7-6F97-4DE8-8A50-0A7930E83095}.Debug|x64.ActiveCfg = Debug|Any CPU
		{57B1F4C7-6F97-4DE8-8A50-0A7930E83095}.Debug|x64.Build.0 = Debug|Any CPU
		{57B1F4C7-6F97-4DE8-8A50-0A7930E83095}.Debug|x86.ActiveCfg = Debug|Any CPU
		{57B1F4C7-6F97-4DE8-8A50-0A7930E83095}.Debug|x86.Build.0 = Debug|Any CPU
		{57B1F4C7-6F97-4DE8-8A50-0A7930E83095}.Release|Any CPU.ActiveCfg = Release|Any CPU
		{57B1F4C7-6F97-4DE8-8A50-0A7930E83095}.Release|Any CPU.Build.0 = Release|Any CPU
		{57B1F4C7-6F97-4DE8-8A50-0A7930E83095}.Release|ARM.ActiveCfg = Release|Any CPU
		{57B1F4C7-6F97-4DE8-8A50-0A7930E83095}.Release|ARM.Build.0 = Release|Any CPU
		{57B1F4C7-6F97-4DE8-8A50-0A7930E83095}.Release|iPhone.ActiveCfg = Release|Any CPU
		{57B1F4C7-6F97-4DE8-8A50-0A7930E83095}.Release|iPhone.Build.0 = Release|Any CPU
		{57B1F4C7-6F97-4DE8-8A50-0A7930E83095}.Release|iPhoneSimulator.ActiveCfg = Release|Any CPU
		{57B1F4C7-6F97-4DE8-8A50-0A7930E83095}.Release|iPhoneSimulator.Build.0 = Release|Any CPU
		{57B1F4C7-6F97-4DE8-8A50-0A7930E83095}.Release|x64.ActiveCfg = Release|Any CPU
		{57B1F4C7-6F97-4DE8-8A50-0A7930E83095}.Release|x64.Build.0 = Release|Any CPU
		{57B1F4C7-6F97-4DE8-8A50-0A7930E83095}.Release|x86.ActiveCfg = Release|Any CPU
		{57B1F4C7-6F97-4DE8-8A50-0A7930E83095}.Release|x86.Build.0 = Release|Any CPU
		{4D95804E-3939-44A0-9027-BD1E2A9F7B85}.Debug|Any CPU.ActiveCfg = Debug|Any CPU
		{4D95804E-3939-44A0-9027-BD1E2A9F7B85}.Debug|Any CPU.Build.0 = Debug|Any CPU
		{4D95804E-3939-44A0-9027-BD1E2A9F7B85}.Debug|Any CPU.Deploy.0 = Debug|Any CPU
		{4D95804E-3939-44A0-9027-BD1E2A9F7B85}.Debug|ARM.ActiveCfg = Debug|Any CPU
		{4D95804E-3939-44A0-9027-BD1E2A9F7B85}.Debug|ARM.Build.0 = Debug|Any CPU
		{4D95804E-3939-44A0-9027-BD1E2A9F7B85}.Debug|ARM.Deploy.0 = Debug|Any CPU
		{4D95804E-3939-44A0-9027-BD1E2A9F7B85}.Debug|iPhone.ActiveCfg = Debug|Any CPU
		{4D95804E-3939-44A0-9027-BD1E2A9F7B85}.Debug|iPhone.Build.0 = Debug|Any CPU
		{4D95804E-3939-44A0-9027-BD1E2A9F7B85}.Debug|iPhone.Deploy.0 = Debug|Any CPU
		{4D95804E-3939-44A0-9027-BD1E2A9F7B85}.Debug|iPhoneSimulator.ActiveCfg = Debug|Any CPU
		{4D95804E-3939-44A0-9027-BD1E2A9F7B85}.Debug|iPhoneSimulator.Build.0 = Debug|Any CPU
		{4D95804E-3939-44A0-9027-BD1E2A9F7B85}.Debug|iPhoneSimulator.Deploy.0 = Debug|Any CPU
		{4D95804E-3939-44A0-9027-BD1E2A9F7B85}.Debug|x64.ActiveCfg = Debug|Any CPU
		{4D95804E-3939-44A0-9027-BD1E2A9F7B85}.Debug|x64.Build.0 = Debug|Any CPU
		{4D95804E-3939-44A0-9027-BD1E2A9F7B85}.Debug|x64.Deploy.0 = Debug|Any CPU
		{4D95804E-3939-44A0-9027-BD1E2A9F7B85}.Debug|x86.ActiveCfg = Debug|Any CPU
		{4D95804E-3939-44A0-9027-BD1E2A9F7B85}.Debug|x86.Build.0 = Debug|Any CPU
		{4D95804E-3939-44A0-9027-BD1E2A9F7B85}.Debug|x86.Deploy.0 = Debug|Any CPU
		{4D95804E-3939-44A0-9027-BD1E2A9F7B85}.Release|Any CPU.ActiveCfg = Release|Any CPU
		{4D95804E-3939-44A0-9027-BD1E2A9F7B85}.Release|Any CPU.Build.0 = Release|Any CPU
		{4D95804E-3939-44A0-9027-BD1E2A9F7B85}.Release|Any CPU.Deploy.0 = Release|Any CPU
		{4D95804E-3939-44A0-9027-BD1E2A9F7B85}.Release|ARM.ActiveCfg = Release|Any CPU
		{4D95804E-3939-44A0-9027-BD1E2A9F7B85}.Release|ARM.Build.0 = Release|Any CPU
		{4D95804E-3939-44A0-9027-BD1E2A9F7B85}.Release|ARM.Deploy.0 = Release|Any CPU
		{4D95804E-3939-44A0-9027-BD1E2A9F7B85}.Release|iPhone.ActiveCfg = Release|Any CPU
		{4D95804E-3939-44A0-9027-BD1E2A9F7B85}.Release|iPhone.Build.0 = Release|Any CPU
		{4D95804E-3939-44A0-9027-BD1E2A9F7B85}.Release|iPhone.Deploy.0 = Release|Any CPU
		{4D95804E-3939-44A0-9027-BD1E2A9F7B85}.Release|iPhoneSimulator.ActiveCfg = Release|Any CPU
		{4D95804E-3939-44A0-9027-BD1E2A9F7B85}.Release|iPhoneSimulator.Build.0 = Release|Any CPU
		{4D95804E-3939-44A0-9027-BD1E2A9F7B85}.Release|iPhoneSimulator.Deploy.0 = Release|Any CPU
		{4D95804E-3939-44A0-9027-BD1E2A9F7B85}.Release|x64.ActiveCfg = Release|Any CPU
		{4D95804E-3939-44A0-9027-BD1E2A9F7B85}.Release|x64.Build.0 = Release|Any CPU
		{4D95804E-3939-44A0-9027-BD1E2A9F7B85}.Release|x64.Deploy.0 = Release|Any CPU
		{4D95804E-3939-44A0-9027-BD1E2A9F7B85}.Release|x86.ActiveCfg = Release|Any CPU
		{4D95804E-3939-44A0-9027-BD1E2A9F7B85}.Release|x86.Build.0 = Release|Any CPU
		{4D95804E-3939-44A0-9027-BD1E2A9F7B85}.Release|x86.Deploy.0 = Release|Any CPU
		{1DE23520-5E0B-44B6-A56D-07A56889F614}.Debug|Any CPU.ActiveCfg = Debug|Any CPU
		{1DE23520-5E0B-44B6-A56D-07A56889F614}.Debug|Any CPU.Build.0 = Debug|Any CPU
		{1DE23520-5E0B-44B6-A56D-07A56889F614}.Debug|ARM.ActiveCfg = Debug|Any CPU
		{1DE23520-5E0B-44B6-A56D-07A56889F614}.Debug|ARM.Build.0 = Debug|Any CPU
		{1DE23520-5E0B-44B6-A56D-07A56889F614}.Debug|iPhone.ActiveCfg = Debug|Any CPU
		{1DE23520-5E0B-44B6-A56D-07A56889F614}.Debug|iPhone.Build.0 = Debug|Any CPU
		{1DE23520-5E0B-44B6-A56D-07A56889F614}.Debug|iPhoneSimulator.ActiveCfg = Debug|Any CPU
		{1DE23520-5E0B-44B6-A56D-07A56889F614}.Debug|iPhoneSimulator.Build.0 = Debug|Any CPU
		{1DE23520-5E0B-44B6-A56D-07A56889F614}.Debug|x64.ActiveCfg = Debug|Any CPU
		{1DE23520-5E0B-44B6-A56D-07A56889F614}.Debug|x64.Build.0 = Debug|Any CPU
		{1DE23520-5E0B-44B6-A56D-07A56889F614}.Debug|x86.ActiveCfg = Debug|Any CPU
		{1DE23520-5E0B-44B6-A56D-07A56889F614}.Debug|x86.Build.0 = Debug|Any CPU
		{1DE23520-5E0B-44B6-A56D-07A56889F614}.Release|Any CPU.ActiveCfg = Release|Any CPU
		{1DE23520-5E0B-44B6-A56D-07A56889F614}.Release|Any CPU.Build.0 = Release|Any CPU
		{1DE23520-5E0B-44B6-A56D-07A56889F614}.Release|ARM.ActiveCfg = Release|Any CPU
		{1DE23520-5E0B-44B6-A56D-07A56889F614}.Release|ARM.Build.0 = Release|Any CPU
		{1DE23520-5E0B-44B6-A56D-07A56889F614}.Release|iPhone.ActiveCfg = Release|Any CPU
		{1DE23520-5E0B-44B6-A56D-07A56889F614}.Release|iPhone.Build.0 = Release|Any CPU
		{1DE23520-5E0B-44B6-A56D-07A56889F614}.Release|iPhoneSimulator.ActiveCfg = Release|Any CPU
		{1DE23520-5E0B-44B6-A56D-07A56889F614}.Release|iPhoneSimulator.Build.0 = Release|Any CPU
		{1DE23520-5E0B-44B6-A56D-07A56889F614}.Release|x64.ActiveCfg = Release|Any CPU
		{1DE23520-5E0B-44B6-A56D-07A56889F614}.Release|x64.Build.0 = Release|Any CPU
		{1DE23520-5E0B-44B6-A56D-07A56889F614}.Release|x86.ActiveCfg = Release|Any CPU
		{1DE23520-5E0B-44B6-A56D-07A56889F614}.Release|x86.Build.0 = Release|Any CPU
	EndGlobalSection
	GlobalSection(SolutionProperties) = preSolution
		HideSolutionNode = FALSE
	EndGlobalSection
EndGlobal
